
Microsoft Visual Studio Solution File, Format Version 12.00
# Visual Studio Version 17
VisualStudioVersion = 17.9.34728.123
MinimumVisualStudioVersion = 10.0.40219.1
Project("{54A90642-561A-4BB1-A94E-469ADEE60C69}") = "Beemo.Client", "Beemo.Client\Beemo.Client.esproj", "{F5E33088-4985-4065-8D85-047195412AB3}"
EndProject
Project("{FAE04EC0-301F-11D3-BF4B-00C04F79EFBC}") = "Beemo.Server", "Beemo.Server\Beemo.Server.csproj", "{20D9179B-48F9-48F3-B5D1-69533EC95BEB}"
EndProject
Global
	GlobalSection(SolutionConfigurationPlatforms) = preSolution
		Debug|Any CPU = Debug|Any CPU
		Release|Any CPU = Release|Any CPU
	EndGlobalSection
	GlobalSection(ProjectConfigurationPlatforms) = postSolution
		{F5E33088-4985-4065-8D85-047195412AB3}.Debug|Any CPU.ActiveCfg = Debug|Any CPU
		{F5E33088-4985-4065-8D85-047195412AB3}.Debug|Any CPU.Build.0 = Debug|Any CPU
		{F5E33088-4985-4065-8D85-047195412AB3}.Debug|Any CPU.Deploy.0 = Debug|Any CPU
		{F5E33088-4985-4065-8D85-047195412AB3}.Release|Any CPU.ActiveCfg = Release|Any CPU
		{F5E33088-4985-4065-8D85-047195412AB3}.Release|Any CPU.Build.0 = Release|Any CPU
		{F5E33088-4985-4065-8D85-047195412AB3}.Release|Any CPU.Deploy.0 = Release|Any CPU
		{20D9179B-48F9-48F3-B5D1-69533EC95BEB}.Debug|Any CPU.ActiveCfg = Debug|Any CPU
		{20D9179B-48F9-48F3-B5D1-69533EC95BEB}.Debug|Any CPU.Build.0 = Debug|Any CPU
		{20D9179B-48F9-48F3-B5D1-69533EC95BEB}.Release|Any CPU.ActiveCfg = Release|Any CPU
		{20D9179B-48F9-48F3-B5D1-69533EC95BEB}.Release|Any CPU.Build.0 = Release|Any CPU
	EndGlobalSection
	GlobalSection(SolutionProperties) = preSolution
		HideSolutionNode = FALSE
	EndGlobalSection
	GlobalSection(ExtensibilityGlobals) = postSolution
		SolutionGuid = {E4B63FB4-0471-4C12-B4FB-3DC868F0536D}
	EndGlobalSection
EndGlobal
